
Microsoft Visual Studio Solution File, Format Version 12.00
# Visual Studio Version 17
VisualStudioVersion = 17.13.35913.81 d17.13
MinimumVisualStudioVersion = 10.0.40219.1
Project("{FAE04EC0-301F-11D3-BF4B-00C04F79EFBC}") = "LaboLINQ", "LaboLINQ\LaboLINQ.csproj", "{0525585E-12AC-47C0-8BAA-E8DD28A444DE}"
EndProject
Global
	GlobalSection(SolutionConfigurationPlatforms) = preSolution
		Debug|Any CPU = Debug|Any CPU
		Release|Any CPU = Release|Any CPU
	EndGlobalSection
	GlobalSection(ProjectConfigurationPlatforms) = postSolution
		{0525585E-12AC-47C0-8BAA-E8DD28A444DE}.Debug|Any CPU.ActiveCfg = Debug|Any CPU
		{0525585E-12AC-47C0-8BAA-E8DD28A444DE}.Debug|Any CPU.Build.0 = Debug|Any CPU
		{0525585E-12AC-47C0-8BAA-E8DD28A444DE}.Release|Any CPU.ActiveCfg = Release|Any CPU
		{0525585E-12AC-47C0-8BAA-E8DD28A444DE}.Release|Any CPU.Build.0 = Release|Any CPU
	EndGlobalSection
	GlobalSection(SolutionProperties) = preSolution
		HideSolutionNode = FALSE
	EndGlobalSection
	GlobalSection(ExtensibilityGlobals) = postSolution
		SolutionGuid = {E56927C4-9960-43F9-8A2E-AFB2F06015C9}
	EndGlobalSection
EndGlobal
